github.com/go-openapi/testify/v2 v2.4.0 h1:8nsPrHVCWkQ4p8h1EsRVymA2XABB4OT40gcvAu+voFM=
github.com/go-openapi/testify/v2 v2.4.0/go.mod h1:HCPmvFFnheKK2BuwSA0TbbdxJ3I16pjwMkYkP4Ywn54=
github.com/speedyhoon/frm v0.0.0-20260121042211-4b724f12575e h1:UZOS34/haw9Iby/psz5YY5yu+mfNOV7Jf9Tuj9T54rc=
github.com/speedyhoon/frm v0.0.0-20260121042211-4b724f12575e/go.mod h1:a3fZ2UJn3ztP9mXejj3QAi8b4Tl/TXXzntqSK8SmQSE=
